
Microsoft Visual Studio Solution File, Format Version 12.00
# Visual Studio 15
VisualStudioVersion = 15.0.27428.2015
MinimumVisualStudioVersion = 10.0.40219.1
Project("{FAE04EC0-301F-11D3-BF4B-00C04F79EFBC}") = "HomeTheater", "HomeTheater\HomeTheater.csproj", "{FBD52A2A-7777-48F0-8198-FA3619055CC6}"
EndProject
Global
	GlobalSection(SolutionConfigurationPlatforms) = preSolution
		Debug|Any CPU = Debug|Any CPU
		Release|Any CPU = Release|Any CPU
	EndGlobalSection
	GlobalSection(ProjectConfigurationPlatforms) = postSolution
		{FBD52A2A-7777-48F0-8198-FA3619055CC6}.Debug|Any CPU.ActiveCfg = Debug|Any CPU
		{FBD52A2A-7777-48F0-8198-FA3619055CC6}.Debug|Any CPU.Build.0 = Debug|Any CPU
		{FBD52A2A-7777-48F0-8198-FA3619055CC6}.Release|Any CPU.ActiveCfg = Release|Any CPU
		{FBD52A2A-7777-48F0-8198-FA3619055CC6}.Release|Any CPU.Build.0 = Release|Any CPU
	EndGlobalSection
	GlobalSection(SolutionProperties) = preSolution
		HideSolutionNode = FALSE
	EndGlobalSection
	GlobalSection(ExtensibilityGlobals) = postSolution
		SolutionGuid = {DDD89A33-C7F7-47EC-A3A8-7FD4D4C51F57}
	EndGlobalSection
EndGlobal
