
Microsoft Visual Studio Solution File, Format Version 12.00
# Visual Studio 15
VisualStudioVersion = 15.0.27130.2026
MinimumVisualStudioVersion = 10.0.40219.1
Project("{FAE04EC0-301F-11D3-BF4B-00C04F79EFBC}") = "WeatherStation", "WeatherStation\WeatherStation.csproj", "{36441BB2-6D3A-49DA-83E0-F6E64D7FE4E7}"
EndProject
Global
	GlobalSection(SolutionConfigurationPlatforms) = preSolution
		Debug|Any CPU = Debug|Any CPU
		Release|Any CPU = Release|Any CPU
	EndGlobalSection
	GlobalSection(ProjectConfigurationPlatforms) = postSolution
		{36441BB2-6D3A-49DA-83E0-F6E64D7FE4E7}.Debug|Any CPU.ActiveCfg = Debug|Any CPU
		{36441BB2-6D3A-49DA-83E0-F6E64D7FE4E7}.Debug|Any CPU.Build.0 = Debug|Any CPU
		{36441BB2-6D3A-49DA-83E0-F6E64D7FE4E7}.Release|Any CPU.ActiveCfg = Release|Any CPU
		{36441BB2-6D3A-49DA-83E0-F6E64D7FE4E7}.Release|Any CPU.Build.0 = Release|Any CPU
	EndGlobalSection
	GlobalSection(SolutionProperties) = preSolution
		HideSolutionNode = FALSE
	EndGlobalSection
	GlobalSection(ExtensibilityGlobals) = postSolution
		SolutionGuid = {C93CFCA6-3654-42DB-97AE-CABE7581008C}
	EndGlobalSection
EndGlobal
