
Microsoft Visual Studio Solution File, Format Version 12.00
# Visual Studio 15
VisualStudioVersion = 15.0.27428.2037
MinimumVisualStudioVersion = 10.0.40219.1
Project("{FAE04EC0-301F-11D3-BF4B-00C04F79EFBC}") = "MightyGumball", "MightyGumball\MightyGumball.csproj", "{9F416453-D67A-4633-92EE-A703017691F7}"
EndProject
Global
	GlobalSection(SolutionConfigurationPlatforms) = preSolution
		Debug|Any CPU = Debug|Any CPU
		Release|Any CPU = Release|Any CPU
	EndGlobalSection
	GlobalSection(ProjectConfigurationPlatforms) = postSolution
		{9F416453-D67A-4633-92EE-A703017691F7}.Debug|Any CPU.ActiveCfg = Debug|Any CPU
		{9F416453-D67A-4633-92EE-A703017691F7}.Debug|Any CPU.Build.0 = Debug|Any CPU
		{9F416453-D67A-4633-92EE-A703017691F7}.Release|Any CPU.ActiveCfg = Release|Any CPU
		{9F416453-D67A-4633-92EE-A703017691F7}.Release|Any CPU.Build.0 = Release|Any CPU
	EndGlobalSection
	GlobalSection(SolutionProperties) = preSolution
		HideSolutionNode = FALSE
	EndGlobalSection
	GlobalSection(ExtensibilityGlobals) = postSolution
		SolutionGuid = {6724A402-F396-4353-B0EE-32D9EA209DC5}
	EndGlobalSection
EndGlobal
