
Microsoft Visual Studio Solution File, Format Version 12.00
# Visual Studio 15
VisualStudioVersion = 15.0.27130.2026
MinimumVisualStudioVersion = 10.0.40219.1
Project("{FAE04EC0-301F-11D3-BF4B-00C04F79EFBC}") = "SimUDuck", "SimUDuck\SimUDuck.csproj", "{05B3BF03-A1F7-4273-B2B4-366F6F8FCAF3}"
EndProject
Global
	GlobalSection(SolutionConfigurationPlatforms) = preSolution
		Debug|Any CPU = Debug|Any CPU
		Release|Any CPU = Release|Any CPU
	EndGlobalSection
	GlobalSection(ProjectConfigurationPlatforms) = postSolution
		{05B3BF03-A1F7-4273-B2B4-366F6F8FCAF3}.Debug|Any CPU.ActiveCfg = Debug|Any CPU
		{05B3BF03-A1F7-4273-B2B4-366F6F8FCAF3}.Debug|Any CPU.Build.0 = Debug|Any CPU
		{05B3BF03-A1F7-4273-B2B4-366F6F8FCAF3}.Release|Any CPU.ActiveCfg = Release|Any CPU
		{05B3BF03-A1F7-4273-B2B4-366F6F8FCAF3}.Release|Any CPU.Build.0 = Release|Any CPU
	EndGlobalSection
	GlobalSection(SolutionProperties) = preSolution
		HideSolutionNode = FALSE
	EndGlobalSection
	GlobalSection(ExtensibilityGlobals) = postSolution
		SolutionGuid = {8D9F85BC-1C31-4D4D-9513-4A2B760E6833}
	EndGlobalSection
EndGlobal
